
Microsoft Visual Studio Solution File, Format Version 12.00
# Visual Studio 2015
Project("{FAE04EC0-301F-11D3-BF4B-00C04F79EFBC}") = "H20BlobGame.CSharp.Plugins", "H20BlobGame.CSharp.Plugins.csproj", "{582486CF-C6FC-D580-F0AF-80824BF4253F}"
EndProject
Project("{FAE04EC0-301F-11D3-BF4B-00C04F79EFBC}") = "H20BlobGame.CSharp", "H20BlobGame.CSharp.csproj", "{E184A4EF-851E-07E8-41D6-4282AD3955EA}"
EndProject
Project("{FAE04EC0-301F-11D3-BF4B-00C04F79EFBC}") = "H20BlobGame.CSharp.Editor", "H20BlobGame.CSharp.Editor.csproj", "{4699C196-3AF4-AD81-B78A-D608A74F1F78}"
EndProject
Global
	GlobalSection(SolutionConfigurationPlatforms) = preSolution
		Debug|Any CPU = Debug|Any CPU
		Release|Any CPU = Release|Any CPU
	EndGlobalSection
	GlobalSection(ProjectConfigurationPlatforms) = postSolution
		{582486CF-C6FC-D580-F0AF-80824BF4253F}.Debug|Any CPU.ActiveCfg = Debug|Any CPU
		{582486CF-C6FC-D580-F0AF-80824BF4253F}.Debug|Any CPU.Build.0 = Debug|Any CPU
		{582486CF-C6FC-D580-F0AF-80824BF4253F}.Release|Any CPU.ActiveCfg = Release|Any CPU
		{582486CF-C6FC-D580-F0AF-80824BF4253F}.Release|Any CPU.Build.0 = Release|Any CPU
		{E184A4EF-851E-07E8-41D6-4282AD3955EA}.Debug|Any CPU.ActiveCfg = Debug|Any CPU
		{E184A4EF-851E-07E8-41D6-4282AD3955EA}.Debug|Any CPU.Build.0 = Debug|Any CPU
		{E184A4EF-851E-07E8-41D6-4282AD3955EA}.Release|Any CPU.ActiveCfg = Release|Any CPU
		{E184A4EF-851E-07E8-41D6-4282AD3955EA}.Release|Any CPU.Build.0 = Release|Any CPU
		{4699C196-3AF4-AD81-B78A-D608A74F1F78}.Debug|Any CPU.ActiveCfg = Debug|Any CPU
		{4699C196-3AF4-AD81-B78A-D608A74F1F78}.Debug|Any CPU.Build.0 = Debug|Any CPU
		{4699C196-3AF4-AD81-B78A-D608A74F1F78}.Release|Any CPU.ActiveCfg = Release|Any CPU
		{4699C196-3AF4-AD81-B78A-D608A74F1F78}.Release|Any CPU.Build.0 = Release|Any CPU
	EndGlobalSection
	GlobalSection(SolutionProperties) = preSolution
		HideSolutionNode = FALSE
	EndGlobalSection
EndGlobal
