Microsoft Visual Studio Solution File, Format Version 11.00
# Visual Studio 2008

Project("{39D022A2-444A-CBCD-63B0-69763A77CAF4}") = "H20BlobGame", "Assembly-CSharp-firstpass.csproj", "{AA2B91EB-BA5E-17FC-8709-F7833DD6CA87}"
EndProject
Project("{39D022A2-444A-CBCD-63B0-69763A77CAF4}") = "H20BlobGame", "Assembly-CSharp.csproj", "{D345AD1A-EC19-3C71-36D5-BE429DC0F696}"
EndProject
Project("{39D022A2-444A-CBCD-63B0-69763A77CAF4}") = "H20BlobGame", "Assembly-CSharp-Editor.csproj", "{FB4563FE-3080-DFC6-5D4B-7B3FD9D20B89}"
EndProject
Global
	GlobalSection(SolutionConfigurationPlatforms) = preSolution
		Debug|Any CPU = Debug|Any CPU
		Release|Any CPU = Release|Any CPU
	EndGlobalSection
	GlobalSection(ProjectConfigurationPlatforms) = postSolution
		{AA2B91EB-BA5E-17FC-8709-F7833DD6CA87}.Debug|Any CPU.ActiveCfg = Debug|Any CPU
		{AA2B91EB-BA5E-17FC-8709-F7833DD6CA87}.Debug|Any CPU.Build.0 = Debug|Any CPU
		{AA2B91EB-BA5E-17FC-8709-F7833DD6CA87}.Release|Any CPU.ActiveCfg = Release|Any CPU
		{AA2B91EB-BA5E-17FC-8709-F7833DD6CA87}.Release|Any CPU.Build.0 = Release|Any CPU
		{D345AD1A-EC19-3C71-36D5-BE429DC0F696}.Debug|Any CPU.ActiveCfg = Debug|Any CPU
		{D345AD1A-EC19-3C71-36D5-BE429DC0F696}.Debug|Any CPU.Build.0 = Debug|Any CPU
		{D345AD1A-EC19-3C71-36D5-BE429DC0F696}.Release|Any CPU.ActiveCfg = Release|Any CPU
		{D345AD1A-EC19-3C71-36D5-BE429DC0F696}.Release|Any CPU.Build.0 = Release|Any CPU
		{FB4563FE-3080-DFC6-5D4B-7B3FD9D20B89}.Debug|Any CPU.ActiveCfg = Debug|Any CPU
		{FB4563FE-3080-DFC6-5D4B-7B3FD9D20B89}.Debug|Any CPU.Build.0 = Debug|Any CPU
		{FB4563FE-3080-DFC6-5D4B-7B3FD9D20B89}.Release|Any CPU.ActiveCfg = Release|Any CPU
		{FB4563FE-3080-DFC6-5D4B-7B3FD9D20B89}.Release|Any CPU.Build.0 = Release|Any CPU
	EndGlobalSection
	GlobalSection(SolutionProperties) = preSolution
		HideSolutionNode = FALSE
	EndGlobalSection
	GlobalSection(MonoDevelopProperties) = preSolution
		StartupItem = Assembly-CSharp.csproj
	EndGlobalSection
EndGlobal
